
Microsoft Visual Studio Solution File, Format Version 12.00
# Visual Studio 2013
VisualStudioVersion = 12.0.21005.1
MinimumVisualStudioVersion = 10.0.40219.1
Project("{FAE04EC0-301F-11D3-BF4B-00C04F79EFBC}") = "SmackNetDemo", "SmackNetDemo\SmackNetDemo.csproj", "{30BDEA74-249B-4B21-816C-42CB8C7EA11E}"
EndProject
Project("{FAE04EC0-301F-11D3-BF4B-00C04F79EFBC}") = "SmackNetDemoTest", "SmackNetDemoTest\SmackNetDemoTest.csproj", "{FAD076FA-7F49-452F-A686-1FF19871FBF6}"
EndProject
Global
	GlobalSection(SolutionConfigurationPlatforms) = preSolution
		Debug|Any CPU = Debug|Any CPU
		Release|Any CPU = Release|Any CPU
	EndGlobalSection
	GlobalSection(ProjectConfigurationPlatforms) = postSolution
		{30BDEA74-249B-4B21-816C-42CB8C7EA11E}.Debug|Any CPU.ActiveCfg = Debug|Any CPU
		{30BDEA74-249B-4B21-816C-42CB8C7EA11E}.Debug|Any CPU.Build.0 = Debug|Any CPU
		{30BDEA74-249B-4B21-816C-42CB8C7EA11E}.Release|Any CPU.ActiveCfg = Release|Any CPU
		{30BDEA74-249B-4B21-816C-42CB8C7EA11E}.Release|Any CPU.Build.0 = Release|Any CPU
		{FAD076FA-7F49-452F-A686-1FF19871FBF6}.Debug|Any CPU.ActiveCfg = Debug|Any CPU
		{FAD076FA-7F49-452F-A686-1FF19871FBF6}.Debug|Any CPU.Build.0 = Debug|Any CPU
		{FAD076FA-7F49-452F-A686-1FF19871FBF6}.Release|Any CPU.ActiveCfg = Release|Any CPU
		{FAD076FA-7F49-452F-A686-1FF19871FBF6}.Release|Any CPU.Build.0 = Release|Any CPU
	EndGlobalSection
	GlobalSection(SolutionProperties) = preSolution
		HideSolutionNode = FALSE
	EndGlobalSection
EndGlobal
